// !$*UTF8*$!
{
	archiveVersion = 1;
	classes = {
	};
	objectVersion = 46;
	objects = {

/* Begin PBXBuildFile section */
		2C0E085C1D085E660041E3DC /* AppDelegate.swift in Sources */ = {isa = PBXBuildFile; fileRef = 2C0E085B1D085E660041E3DC /* AppDelegate.swift */; };
		2C0E085E1D085E660041E3DC /* LoginViewController.swift in Sources */ = {isa = PBXBuildFile; fileRef = 2C0E085D1D085E660041E3DC /* LoginViewController.swift */; };
		2C0E08611D085E660041E3DC /* Main.storyboard in Resources */ = {isa = PBXBuildFile; fileRef = 2C0E085F1D085E660041E3DC /* Main.storyboard */; };
		2C0E08631D085E660041E3DC /* Assets.xcassets in Resources */ = {isa = PBXBuildFile; fileRef = 2C0E08621D085E660041E3DC /* Assets.xcassets */; };
		2C0E08661D085E660041E3DC /* LaunchScreen.storyboard in Resources */ = {isa = PBXBuildFile; fileRef = 2C0E08641D085E660041E3DC /* LaunchScreen.storyboard */; };
		2C0E086E1D0A5BAE0041E3DC /* RegisterViewController.swift in Sources */ = {isa = PBXBuildFile; fileRef = 2C0E086D1D0A5BAE0041E3DC /* RegisterViewController.swift */; };
		2C0E08701D0A5BBD0041E3DC /* MainViewController.swift in Sources */ = {isa = PBXBuildFile; fileRef = 2C0E086F1D0A5BBD0041E3DC /* MainViewController.swift */; };
		2C24B7341D3585A200C09AA7 /* Data.swift in Sources */ = {isa = PBXBuildFile; fileRef = 2C24B7331D3585A200C09AA7 /* Data.swift */; };
		2CC46B0F1D2BFDF000F6C16E /* ResearchKit.framework in Frameworks */ = {isa = PBXBuildFile; fileRef = 2CC46B0C1D2BFC6400F6C16E /* ResearchKit.framework */; };
		2CC46B101D2BFDF000F6C16E /* ResearchKit.framework in Embed Frameworks */ = {isa = PBXBuildFile; fileRef = 2CC46B0C1D2BFC6400F6C16E /* ResearchKit.framework */; settings = {ATTRIBUTES = (CodeSignOnCopy, RemoveHeadersOnCopy, ); }; };
		2CC46B151D2C00E300F6C16E /* consentDocument.swift in Sources */ = {isa = PBXBuildFile; fileRef = 2CC46B141D2C00E300F6C16E /* consentDocument.swift */; };
		2CC46B171D2C595900F6C16E /* consentTask.swift in Sources */ = {isa = PBXBuildFile; fileRef = 2CC46B161D2C595900F6C16E /* consentTask.swift */; };
		2CC46B1D1D2DA11C00F6C16E /* WelcomeViewController.swift in Sources */ = {isa = PBXBuildFile; fileRef = 2CC46B1C1D2DA11C00F6C16E /* WelcomeViewController.swift */; };
		2CC46B211D2EC2B600F6C16E /* SubmitViewController.swift in Sources */ = {isa = PBXBuildFile; fileRef = 2CC46B201D2EC2B600F6C16E /* SubmitViewController.swift */; };
		2CC46B291D2F3D1400F6C16E /* TableViewController.swift in Sources */ = {isa = PBXBuildFile; fileRef = 2CC46B281D2F3D1400F6C16E /* TableViewController.swift */; };
		2CC46B2C1D2F49E500F6C16E /* DataCell.swift in Sources */ = {isa = PBXBuildFile; fileRef = 2CC46B2B1D2F49E400F6C16E /* DataCell.swift */; };
		2CC46B2E1D2F646400F6C16E /*  SurveyTask.swift in Sources */ = {isa = PBXBuildFile; fileRef = 2CC46B2D1D2F646400F6C16E /*  SurveyTask.swift */; };
		2F9EEF4DF1A596158558E390 /* Pods_Interface_DrAzhra.framework in Frameworks */ = {isa = PBXBuildFile; fileRef = 506940F50EAC9E153289B0DF /* Pods_Interface_DrAzhra.framework */; };
/* End PBXBuildFile section */

/* Begin PBXContainerItemProxy section */
		2CC46B0B1D2BFC6400F6C16E /* PBXContainerItemProxy */ = {
			isa = PBXContainerItemProxy;
			containerPortal = 2CC46B051D2BFC6400F6C16E /* ResearchKit.xcodeproj */;
			proxyType = 2;
			remoteGlobalIDString = B183A5951A8535D100C76870;
			remoteInfo = ResearchKit;
		};
		2CC46B0D1D2BFC6400F6C16E /* PBXContainerItemProxy */ = {
			isa = PBXContainerItemProxy;
			containerPortal = 2CC46B051D2BFC6400F6C16E /* ResearchKit.xcodeproj */;
			proxyType = 2;
			remoteGlobalIDString = 86CC8E9A1AC09332001CCD89;
			remoteInfo = ResearchKitTests;
		};
		2CC46B111D2BFDF000F6C16E /* PBXContainerItemProxy */ = {
			isa = PBXContainerItemProxy;
			containerPortal = 2CC46B051D2BFC6400F6C16E /* ResearchKit.xcodeproj */;
			proxyType = 1;
			remoteGlobalIDString = B183A4731A8535D100C76870;
			remoteInfo = ResearchKit;
		};
/* End PBXContainerItemProxy section */

/* Begin PBXCopyFilesBuildPhase section */
		2CC46B131D2BFDF000F6C16E /* Embed Frameworks */ = {
			isa = PBXCopyFilesBuildPhase;
			buildActionMask = 2147483647;
			dstPath = "";
			dstSubfolderSpec = 10;
			files = (
				2CC46B101D2BFDF000F6C16E /* ResearchKit.framework in Embed Frameworks */,
			);
			name = "Embed Frameworks";
			runOnlyForDeploymentPostprocessing = 0;
		};
/* End PBXCopyFilesBuildPhase section */

/* Begin PBXFileReference section */
		2C0E08581D085E660041E3DC /* Interface_DrAzhra.app */ = {isa = PBXFileReference; explicitFileType = wrapper.application; includeInIndex = 0; path = Interface_DrAzhra.app; sourceTree = BUILT_PRODUCTS_DIR; };
		2C0E085B1D085E660041E3DC /* AppDelegate.swift */ = {isa = PBXFileReference; lastKnownFileType = sourcecode.swift; path = AppDelegate.swift; sourceTree = "<group>"; };
		2C0E085D1D085E660041E3DC /* LoginViewController.swift */ = {isa = PBXFileReference; lastKnownFileType = sourcecode.swift; path = LoginViewController.swift; sourceTree = "<group>"; };
		2C0E08601D085E660041E3DC /* Base */ = {isa = PBXFileReference; lastKnownFileType = file.storyboard; name = Base; path = Base.lproj/Main.storyboard; sourceTree = "<group>"; };
		2C0E08621D085E660041E3DC /* Assets.xcassets */ = {isa = PBXFileReference; lastKnownFileType = folder.assetcatalog; path = Assets.xcassets; sourceTree = "<group>"; };
		2C0E08651D085E660041E3DC /* Base */ = {isa = PBXFileReference; lastKnownFileType = file.storyboard; name = Base; path = Base.lproj/LaunchScreen.storyboard; sourceTree = "<group>"; };
		2C0E08671D085E660041E3DC /* Info.plist */ = {isa = PBXFileReference; lastKnownFileType = text.plist.xml; path = Info.plist; sourceTree = "<group>"; };
		2C0E086D1D0A5BAE0041E3DC /* RegisterViewController.swift */ = {isa = PBXFileReference; fileEncoding = 4; lastKnownFileType = sourcecode.swift; path = RegisterViewController.swift; sourceTree = "<group>"; };
		2C0E086F1D0A5BBD0041E3DC /* MainViewController.swift */ = {isa = PBXFileReference; fileEncoding = 4; lastKnownFileType = sourcecode.swift; path = MainViewController.swift; sourceTree = "<group>"; };
		2C24B7331D3585A200C09AA7 /* Data.swift */ = {isa = PBXFileReference; fileEncoding = 4; lastKnownFileType = sourcecode.swift; path = Data.swift; sourceTree = "<group>"; };
		2CC46B051D2BFC6400F6C16E /* ResearchKit.xcodeproj */ = {isa = PBXFileReference; lastKnownFileType = "wrapper.pb-project"; name = ResearchKit.xcodeproj; path = ResearchKit/ResearchKit.xcodeproj; sourceTree = "<group>"; };
		2CC46B141D2C00E300F6C16E /* consentDocument.swift */ = {isa = PBXFileReference; fileEncoding = 4; lastKnownFileType = sourcecode.swift; path = consentDocument.swift; sourceTree = "<group>"; };
		2CC46B161D2C595900F6C16E /* consentTask.swift */ = {isa = PBXFileReference; fileEncoding = 4; lastKnownFileType = sourcecode.swift; path = consentTask.swift; sourceTree = "<group>"; };
		2CC46B1C1D2DA11C00F6C16E /* WelcomeViewController.swift */ = {isa = PBXFileReference; fileEncoding = 4; lastKnownFileType = sourcecode.swift; path = WelcomeViewController.swift; sourceTree = "<group>"; };
		2CC46B201D2EC2B600F6C16E /* SubmitViewController.swift */ = {isa = PBXFileReference; fileEncoding = 4; lastKnownFileType = sourcecode.swift; path = SubmitViewController.swift; sourceTree = "<group>"; };
		2CC46B281D2F3D1400F6C16E /* TableViewController.swift */ = {isa = PBXFileReference; fileEncoding = 4; lastKnownFileType = sourcecode.swift; path = TableViewController.swift; sourceTree = "<group>"; };
		2CC46B2B1D2F49E400F6C16E /* DataCell.swift */ = {isa = PBXFileReference; fileEncoding = 4; lastKnownFileType = sourcecode.swift; path = DataCell.swift; sourceTree = "<group>"; };
		2CC46B2D1D2F646400F6C16E /*  SurveyTask.swift */ = {isa = PBXFileReference; fileEncoding = 4; lastKnownFileType = sourcecode.swift; path = " SurveyTask.swift"; sourceTree = "<group>"; };
		506940F50EAC9E153289B0DF /* Pods_Interface_DrAzhra.framework */ = {isa = PBXFileReference; explicitFileType = wrapper.framework; includeInIndex = 0; path = Pods_Interface_DrAzhra.framework; sourceTree = BUILT_PRODUCTS_DIR; };
		55ACB4ED27BE9A027C8B1E68 /* Pods-Interface_DrAzhra.debug.xcconfig */ = {isa = PBXFileReference; includeInIndex = 1; lastKnownFileType = text.xcconfig; name = "Pods-Interface_DrAzhra.debug.xcconfig"; path = "Pods/Target Support Files/Pods-Interface_DrAzhra/Pods-Interface_DrAzhra.debug.xcconfig"; sourceTree = "<group>"; };
		810D404F8BF6465327A9C129 /* Pods-Interface_DrAzhra.release.xcconfig */ = {isa = PBXFileReference; includeInIndex = 1; lastKnownFileType = text.xcconfig; name = "Pods-Interface_DrAzhra.release.xcconfig"; path = "Pods/Target Support Files/Pods-Interface_DrAzhra/Pods-Interface_DrAzhra.release.xcconfig"; sourceTree = "<group>"; };
/* End PBXFileReference section */

/* Begin PBXFrameworksBuildPhase section */
		2C0E08551D085E660041E3DC /* Frameworks */ = {
			isa = PBXFrameworksBuildPhase;
			buildActionMask = 2147483647;
			files = (
				2CC46B0F1D2BFDF000F6C16E /* ResearchKit.framework in Frameworks */,
				2F9EEF4DF1A596158558E390 /* Pods_Interface_DrAzhra.framework in Frameworks */,
			);
			runOnlyForDeploymentPostprocessing = 0;
		};
/* End PBXFrameworksBuildPhase section */

/* Begin PBXGroup section */
		130910FF420D751CFF712BB9 /* Pods */ = {
			isa = PBXGroup;
			children = (
				55ACB4ED27BE9A027C8B1E68 /* Pods-Interface_DrAzhra.debug.xcconfig */,
				810D404F8BF6465327A9C129 /* Pods-Interface_DrAzhra.release.xcconfig */,
			);
			name = Pods;
			sourceTree = "<group>";
		};
		2C0E084F1D085E660041E3DC = {
			isa = PBXGroup;
			children = (
				2CC46B051D2BFC6400F6C16E /* ResearchKit.xcodeproj */,
				2C0E085A1D085E660041E3DC /* Interface_DrAzhra */,
				2C0E08591D085E660041E3DC /* Products */,
				130910FF420D751CFF712BB9 /* Pods */,
				BC57C455D08384778D27A973 /* Frameworks */,
			);
			sourceTree = "<group>";
		};
		2C0E08591D085E660041E3DC /* Products */ = {
			isa = PBXGroup;
			children = (
				2C0E08581D085E660041E3DC /* Interface_DrAzhra.app */,
			);
			name = Products;
			sourceTree = "<group>";
		};
		2C0E085A1D085E660041E3DC /* Interface_DrAzhra */ = {
			isa = PBXGroup;
			children = (
				2C24B72E1D35851E00C09AA7 /* models */,
				2CC46B2A1D2F49BD00F6C16E /* Views */,
				2CD36CDC1D10D45B002A2804 /* view controllers */,
				2C0E085B1D085E660041E3DC /* AppDelegate.swift */,
				2C0E085F1D085E660041E3DC /* Main.storyboard */,
				2C0E08621D085E660041E3DC /* Assets.xcassets */,
				2C0E08641D085E660041E3DC /* LaunchScreen.storyboard */,
				2C0E08671D085E660041E3DC /* Info.plist */,
			);
			path = Interface_DrAzhra;
			sourceTree = "<group>";
		};
		2C24B72E1D35851E00C09AA7 /* models */ = {
			isa = PBXGroup;
			children = (
				2C24B7331D3585A200C09AA7 /* Data.swift */,
			);
			name = models;
			sourceTree = "<group>";
		};
		2CC46B061D2BFC6400F6C16E /* Products */ = {
			isa = PBXGroup;
			children = (
				2CC46B0C1D2BFC6400F6C16E /* ResearchKit.framework */,
				2CC46B0E1D2BFC6400F6C16E /* ResearchKitTests.xctest */,
			);
			name = Products;
			sourceTree = "<group>";
		};
		2CC46B191D2D604500F6C16E /* researchKit */ = {
			isa = PBXGroup;
			children = (
				2CC46B161D2C595900F6C16E /* consentTask.swift */,
				2CC46B2D1D2F646400F6C16E /*  SurveyTask.swift */,
				2CC46B141D2C00E300F6C16E /* consentDocument.swift */,
			);
			name = researchKit;
			sourceTree = "<group>";
		};
		2CC46B2A1D2F49BD00F6C16E /* Views */ = {
			isa = PBXGroup;
			children = (
				2CC46B2B1D2F49E400F6C16E /* DataCell.swift */,
			);
			name = Views;
			sourceTree = "<group>";
		};
		2CD36CDC1D10D45B002A2804 /* view controllers */ = {
			isa = PBXGroup;
			children = (
				2C0E085D1D085E660041E3DC /* LoginViewController.swift */,
				2CC46B201D2EC2B600F6C16E /* SubmitViewController.swift */,
				2CC46B1C1D2DA11C00F6C16E /* WelcomeViewController.swift */,
				2C0E086D1D0A5BAE0041E3DC /* RegisterViewController.swift */,
				2C0E086F1D0A5BBD0041E3DC /* MainViewController.swift */,
				2CC46B281D2F3D1400F6C16E /* TableViewController.swift */,
				2CC46B191D2D604500F6C16E /* researchKit */,
			);
			name = "view controllers";
			sourceTree = "<group>";
		};
		BC57C455D08384778D27A973 /* Frameworks */ = {
			isa = PBXGroup;
			children = (
				506940F50EAC9E153289B0DF /* Pods_Interface_DrAzhra.framework */,
			);
			name = Frameworks;
			sourceTree = "<group>";
		};
/* End PBXGroup section */

/* Begin PBXNativeTarget section */
		2C0E08571D085E660041E3DC /* Interface_DrAzhra */ = {
			isa = PBXNativeTarget;
			buildConfigurationList = 2C0E086A1D085E660041E3DC /* Build configuration list for PBXNativeTarget "Interface_DrAzhra" */;
			buildPhases = (
				C26F0E3430C50C9EDD0A0AF2 /* 📦 Check Pods Manifest.lock */,
				2C0E08541D085E660041E3DC /* Sources */,
				2C0E08551D085E660041E3DC /* Frameworks */,
				2C0E08561D085E660041E3DC /* Resources */,
				2CC46B131D2BFDF000F6C16E /* Embed Frameworks */,
				D59CC2E5B090F00FDBA3C3BD /* 📦 Embed Pods Frameworks */,
				DAB6F4CFEE71FDF3ACCDEC1D /* 📦 Copy Pods Resources */,
			);
			buildRules = (
			);
			dependencies = (
				2CC46B121D2BFDF000F6C16E /* PBXTargetDependency */,
			);
			name = Interface_DrAzhra;
			productName = Interface_DrAzhra;
			productReference = 2C0E08581D085E660041E3DC /* Interface_DrAzhra.app */;
			productType = "com.apple.product-type.application";
		};
/* End PBXNativeTarget section */

/* Begin PBXProject section */
		2C0E08501D085E660041E3DC /* Project object */ = {
			isa = PBXProject;
			attributes = {
				LastSwiftUpdateCheck = 0730;
				LastUpgradeCheck = 0730;
				ORGANIZATIONNAME = "Bishal Gautam";
				TargetAttributes = {
					2C0E08571D085E660041E3DC = {
						CreatedOnToolsVersion = 7.3.1;
						DevelopmentTeam = 33UDTKE5FC;
					};
				};
			};
			buildConfigurationList = 2C0E08531D085E660041E3DC /* Build configuration list for PBXProject "Interface_DrAzhra" */;
			compatibilityVersion = "Xcode 3.2";
			developmentRegion = English;
			hasScannedForEncodings = 0;
			knownRegions = (
				en,
				Base,
			);
			mainGroup = 2C0E084F1D085E660041E3DC;
			productRefGroup = 2C0E08591D085E660041E3DC /* Products */;
			projectDirPath = "";
			projectReferences = (
				{
					ProductGroup = 2CC46B061D2BFC6400F6C16E /* Products */;
					ProjectRef = 2CC46B051D2BFC6400F6C16E /* ResearchKit.xcodeproj */;
				},
			);
			projectRoot = "";
			targets = (
				2C0E08571D085E660041E3DC /* Interface_DrAzhra */,
			);
		};
/* End PBXProject section */

/* Begin PBXReferenceProxy section */
		2CC46B0C1D2BFC6400F6C16E /* ResearchKit.framework */ = {
			isa = PBXReferenceProxy;
			fileType = wrapper.framework;
			path = ResearchKit.framework;
			remoteRef = 2CC46B0B1D2BFC6400F6C16E /* PBXContainerItemProxy */;
			sourceTree = BUILT_PRODUCTS_DIR;
		};
		2CC46B0E1D2BFC6400F6C16E /* ResearchKitTests.xctest */ = {
			isa = PBXReferenceProxy;
			fileType = wrapper.cfbundle;
			path = ResearchKitTests.xctest;
			remoteRef = 2CC46B0D1D2BFC6400F6C16E /* PBXContainerItemProxy */;
			sourceTree = BUILT_PRODUCTS_DIR;
		};
/* End PBXReferenceProxy section */

/* Begin PBXResourcesBuildPhase section */
		2C0E08561D085E660041E3DC /* Resources */ = {
			isa = PBXResourcesBuildPhase;
			buildActionMask = 2147483647;
			files = (
				2C0E08661D085E660041E3DC /* LaunchScreen.storyboard in Resources */,
				2C0E08631D085E660041E3DC /* Assets.xcassets in Resources */,
				2C0E08611D085E660041E3DC /* Main.storyboard in Resources */,
			);
			runOnlyForDeploymentPostprocessing = 0;
		};
/* End PBXResourcesBuildPhase section */

/* Begin PBXShellScriptBuildPhase section */
		C26F0E3430C50C9EDD0A0AF2 /* 📦 Check Pods Manifest.lock */ = {
			isa = PBXShellScriptBuildPhase;
			buildActionMask = 2147483647;
			files = (
			);
			inputPaths = (
			);
			name = "📦 Check Pods Manifest.lock";
			outputPaths = (
			);
			runOnlyForDeploymentPostprocessing = 0;
			shellPath = /bin/sh;
			shellScript = "diff \"${PODS_ROOT}/../Podfile.lock\" \"${PODS_ROOT}/Manifest.lock\" > /dev/null\nif [[ $? != 0 ]] ; then\n    cat << EOM\nerror: The sandbox is not in sync with the Podfile.lock. Run 'pod install' or update your CocoaPods installation.\nEOM\n    exit 1\nfi\n";
			showEnvVarsInLog = 0;
		};
		D59CC2E5B090F00FDBA3C3BD /* 📦 Embed Pods Frameworks */ = {
			isa = PBXShellScriptBuildPhase;
			buildActionMask = 2147483647;
			files = (
			);
			inputPaths = (
			);
			name = "📦 Embed Pods Frameworks";
			outputPaths = (
			);
			runOnlyForDeploymentPostprocessing = 0;
			shellPath = /bin/sh;
			shellScript = "\"${SRCROOT}/Pods/Target Support Files/Pods-Interface_DrAzhra/Pods-Interface_DrAzhra-frameworks.sh\"\n";
			showEnvVarsInLog = 0;
		};
		DAB6F4CFEE71FDF3ACCDEC1D /* 📦 Copy Pods Resources */ = {
			isa = PBXShellScriptBuildPhase;
			buildActionMask = 2147483647;
			files = (
			);
			inputPaths = (
			);
			name = "📦 Copy Pods Resources";
			outputPaths = (
			);
			runOnlyForDeploymentPostprocessing = 0;
			shellPath = /bin/sh;
			shellScript = "\"${SRCROOT}/Pods/Target Support Files/Pods-Interface_DrAzhra/Pods-Interface_DrAzhra-resources.sh\"\n";
			showEnvVarsInLog = 0;
		};
/* End PBXShellScriptBuildPhase section */

/* Begin PBXSourcesBuildPhase section */
		2C0E08541D085E660041E3DC /* Sources */ = {
			isa = PBXSourcesBuildPhase;
			buildActionMask = 2147483647;
			files = (
				2CC46B211D2EC2B600F6C16E /* SubmitViewController.swift in Sources */,
				2C0E086E1D0A5BAE0041E3DC /* RegisterViewController.swift in Sources */,
				2CC46B171D2C595900F6C16E /* consentTask.swift in Sources */,
				2CC46B2E1D2F646400F6C16E /*  SurveyTask.swift in Sources */,
				2CC46B2C1D2F49E500F6C16E /* DataCell.swift in Sources */,
				2C0E085E1D085E660041E3DC /* LoginViewController.swift in Sources */,
				2CC46B151D2C00E300F6C16E /* consentDocument.swift in Sources */,
				2C24B7341D3585A200C09AA7 /* Data.swift in Sources */,
				2C0E085C1D085E660041E3DC /* AppDelegate.swift in Sources */,
				2C0E08701D0A5BBD0041E3DC /* MainViewController.swift in Sources */,
				2CC46B291D2F3D1400F6C16E /* TableViewController.swift in Sources */,
				2CC46B1D1D2DA11C00F6C16E /* WelcomeViewController.swift in Sources */,
			);
			runOnlyForDeploymentPostprocessing = 0;
		};
/* End PBXSourcesBuildPhase section */

/* Begin PBXTargetDependency section */
		2CC46B121D2BFDF000F6C16E /* PBXTargetDependency */ = {
			isa = PBXTargetDependency;
			name = ResearchKit;
			targetProxy = 2CC46B111D2BFDF000F6C16E /* PBXContainerItemProxy */;
		};
/* End PBXTargetDependency section */

/* Begin PBXVariantGroup section */
		2C0E085F1D085E660041E3DC /* Main.storyboard */ = {
			isa = PBXVariantGroup;
			children = (
				2C0E08601D085E660041E3DC /* Base */,
			);
			name = Main.storyboard;
			sourceTree = "<group>";
		};
		2C0E08641D085E660041E3DC /* LaunchScreen.storyboard */ = {
			isa = PBXVariantGroup;
			children = (
				2C0E08651D085E660041E3DC /* Base */,
			);
			name = LaunchScreen.storyboard;
			sourceTree = "<group>";
		};
/* End PBXVariantGroup section */

/* Begin XCBuildConfiguration section */
		2C0E08681D085E660041E3DC /* Debug */ = {
			isa = XCBuildConfiguration;
			buildSettings = {
				ALWAYS_SEARCH_USER_PATHS = NO;
				CLANG_ANALYZER_NONNULL = YES;
				CLANG_CXX_LANGUAGE_STANDARD = "gnu++0x";
				CLANG_CXX_LIBRARY = "libc++";
				CLANG_ENABLE_MODULES = YES;
				CLANG_ENABLE_OBJC_ARC = YES;
				CLANG_WARN_BOOL_CONVERSION = YES;
				CLANG_WARN_CONSTANT_CONVERSION = YES;
				CLANG_WARN_DIRECT_OBJC_ISA_USAGE = YES_ERROR;
				CLANG_WARN_EMPTY_BODY = YES;
				CLANG_WARN_ENUM_CONVERSION = YES;
				CLANG_WARN_INT_CONVERSION = YES;
				CLANG_WARN_OBJC_ROOT_CLASS = YES_ERROR;
				CLANG_WARN_UNREACHABLE_CODE = YES;
				CLANG_WARN__DUPLICATE_METHOD_MATCH = YES;
				"CODE_SIGN_IDENTITY[sdk=iphoneos*]" = "iPhone Developer";
				COPY_PHASE_STRIP = NO;
				DEBUG_INFORMATION_FORMAT = dwarf;
				ENABLE_STRICT_OBJC_MSGSEND = YES;
				ENABLE_TESTABILITY = YES;
				GCC_C_LANGUAGE_STANDARD = gnu99;
				GCC_DYNAMIC_NO_PIC = NO;
				GCC_NO_COMMON_BLOCKS = YES;
				GCC_OPTIMIZATION_LEVEL = 0;
				GCC_PREPROCESSOR_DEFINITIONS = (
					"DEBUG=1",
					"$(inherited)",
				);
				GCC_WARN_64_TO_32_BIT_CONVERSION = YES;
				GCC_WARN_ABOUT_RETURN_TYPE = YES_ERROR;
				GCC_WARN_UNDECLARED_SELECTOR = YES;
				GCC_WARN_UNINITIALIZED_AUTOS = YES_AGGRESSIVE;
				GCC_WARN_UNUSED_FUNCTION = YES;
				GCC_WARN_UNUSED_VARIABLE = YES;
				IPHONEOS_DEPLOYMENT_TARGET = 9.3;
				MTL_ENABLE_DEBUG_INFO = YES;
				ONLY_ACTIVE_ARCH = YES;
				SDKROOT = iphoneos;
				SWIFT_OPTIMIZATION_LEVEL = "-Onone";
				TARGETED_DEVICE_FAMILY = "1,2";
			};
			name = Debug;
		};
		2C0E08691D085E660041E3DC /* Release */ = {
			isa = XCBuildConfiguration;
			buildSettings = {
				ALWAYS_SEARCH_USER_PATHS = NO;
				CLANG_ANALYZER_NONNULL = YES;
				CLANG_CXX_LANGUAGE_STANDARD = "gnu++0x";
				CLANG_CXX_LIBRARY = "libc++";
				CLANG_ENABLE_MODULES = YES;
				CLANG_ENABLE_OBJC_ARC = YES;
				CLANG_WARN_BOOL_CONVERSION = YES;
				CLANG_WARN_CONSTANT_CONVERSION = YES;
				CLANG_WARN_DIRECT_OBJC_ISA_USAGE = YES_ERROR;
				CLANG_WARN_EMPTY_BODY = YES;
				CLANG_WARN_ENUM_CONVERSION = YES;
				CLANG_WARN_INT_CONVERSION = YES;
				CLANG_WARN_OBJC_ROOT_CLASS = YES_ERROR;
				CLANG_WARN_UNREACHABLE_CODE = YES;
				CLANG_WARN__DUPLICATE_METHOD_MATCH = YES;
				"CODE_SIGN_IDENTITY[sdk=iphoneos*]" = "iPhone Developer";
				COPY_PHASE_STRIP = NO;
				DEBUG_INFORMATION_FORMAT = "dwarf-with-dsym";
				ENABLE_NS_ASSERTIONS = NO;
				ENABLE_STRICT_OBJC_MSGSEND = YES;
				GCC_C_LANGUAGE_STANDARD = gnu99;
				GCC_NO_COMMON_BLOCKS = YES;
				GCC_WARN_64_TO_32_BIT_CONVERSION = YES;
				GCC_WARN_ABOUT_RETURN_TYPE = YES_ERROR;
				GCC_WARN_UNDECLARED_SELECTOR = YES;
				GCC_WARN_UNINITIALIZED_AUTOS = YES_AGGRESSIVE;
				GCC_WARN_UNUSED_FUNCTION = YES;
				GCC_WARN_UNUSED_VARIABLE = YES;
				IPHONEOS_DEPLOYMENT_TARGET = 9.3;
				MTL_ENABLE_DEBUG_INFO = NO;
				SDKROOT = iphoneos;
				TARGETED_DEVICE_FAMILY = "1,2";
				VALIDATE_PRODUCT = YES;
			};
			name = Release;
		};
		2C0E086B1D085E660041E3DC /* Debug */ = {
			isa = XCBuildConfiguration;
			baseConfigurationReference = 55ACB4ED27BE9A027C8B1E68 /* Pods-Interface_DrAzhra.debug.xcconfig */;
			buildSettings = {
				ASSETCATALOG_COMPILER_APPICON_NAME = AppIcon;
				EMBEDDED_CONTENT_CONTAINS_SWIFT = YES;
				INFOPLIST_FILE = Interface_DrAzhra/Info.plist;
				LD_RUNPATH_SEARCH_PATHS = "$(inherited) @executable_path/Frameworks";
				PRODUCT_BUNDLE_IDENTIFIER = "SSSL.Interface-DrAzhra";
				PRODUCT_NAME = "$(TARGET_NAME)";
			};
			name = Debug;
		};
		2C0E086C1D085E660041E3DC /* Release */ = {
			isa = XCBuildConfiguration;
			baseConfigurationReference = 810D404F8BF6465327A9C129 /* Pods-Interface_DrAzhra.release.xcconfig */;
			buildSettings = {
				ASSETCATALOG_COMPILER_APPICON_NAME = AppIcon;
				EMBEDDED_CONTENT_CONTAINS_SWIFT = YES;
				INFOPLIST_FILE = Interface_DrAzhra/Info.plist;
				LD_RUNPATH_SEARCH_PATHS = "$(inherited) @executable_path/Frameworks";
				PRODUCT_BUNDLE_IDENTIFIER = "SSSL.Interface-DrAzhra";
				PRODUCT_NAME = "$(TARGET_NAME)";
			};
			name = Release;
		};
/* End XCBuildConfiguration section */

/* Begin XCConfigurationList section */
		2C0E08531D085E660041E3DC /* Build configuration list for PBXProject "Interface_DrAzhra" */ = {
			isa = XCConfigurationList;
			buildConfigurations = (
				2C0E08681D085E660041E3DC /* Debug */,
				2C0E08691D085E660041E3DC /* Release */,
			);
			defaultConfigurationIsVisible = 0;
			defaultConfigurationName = Release;
		};
		2C0E086A1D085E660041E3DC /* Build configuration list for PBXNativeTarget "Interface_DrAzhra" */ = {
			isa = XCConfigurationList;
			buildConfigurations = (
				2C0E086B1D085E660041E3DC /* Debug */,
				2C0E086C1D085E660041E3DC /* Release */,
			);
			defaultConfigurationIsVisible = 0;
			defaultConfigurationName = Release;
		};
/* End XCConfigurationList section */
	};
	rootObject = 2C0E08501D085E660041E3DC /* Project object */;
}
