// !$*UTF8*$!
{
	archiveVersion = 1;
	classes = {
	};
	objectVersion = 46;
	objects = {

/* Begin PBXBuildFile section */
		2C0E085C1D085E660041E3DC /* AppDelegate.swift in Sources */ = {isa = PBXBuildFile; fileRef = 2C0E085B1D085E660041E3DC /* AppDelegate.swift */; };
		2C0E085E1D085E660041E3DC /* LoginViewController.swift in Sources */ = {isa = PBXBuildFile; fileRef = 2C0E085D1D085E660041E3DC /* LoginViewController.swift */; };
		2C0E08611D085E660041E3DC /* Main.storyboard in Resources */ = {isa = PBXBuildFile; fileRef = 2C0E085F1D085E660041E3DC /* Main.storyboard */; };
		2C0E08631D085E660041E3DC /* Assets.xcassets in Resources */ = {isa = PBXBuildFile; fileRef = 2C0E08621D085E660041E3DC /* Assets.xcassets */; };
		2C0E08661D085E660041E3DC /* LaunchScreen.storyboard in Resources */ = {isa = PBXBuildFile; fileRef = 2C0E08641D085E660041E3DC /* LaunchScreen.storyboard */; };
		2C0E086E1D0A5BAE0041E3DC /* RegisterViewController.swift in Sources */ = {isa = PBXBuildFile; fileRef = 2C0E086D1D0A5BAE0041E3DC /* RegisterViewController.swift */; };
		2C0E08701D0A5BBD0041E3DC /* MainViewController.swift in Sources */ = {isa = PBXBuildFile; fileRef = 2C0E086F1D0A5BBD0041E3DC /* MainViewController.swift */; };
/* End PBXBuildFile section */

/* Begin PBXFileReference section */
		2C0E08581D085E660041E3DC /* Interface_DrAzhra.app */ = {isa = PBXFileReference; explicitFileType = wrapper.application; includeInIndex = 0; path = Interface_DrAzhra.app; sourceTree = BUILT_PRODUCTS_DIR; };
		2C0E085B1D085E660041E3DC /* AppDelegate.swift */ = {isa = PBXFileReference; lastKnownFileType = sourcecode.swift; path = AppDelegate.swift; sourceTree = "<group>"; };
		2C0E085D1D085E660041E3DC /* LoginViewController.swift */ = {isa = PBXFileReference; lastKnownFileType = sourcecode.swift; path = LoginViewController.swift; sourceTree = "<group>"; };
		2C0E08601D085E660041E3DC /* Base */ = {isa = PBXFileReference; lastKnownFileType = file.storyboard; name = Base; path = Base.lproj/Main.storyboard; sourceTree = "<group>"; };
		2C0E08621D085E660041E3DC /* Assets.xcassets */ = {isa = PBXFileReference; lastKnownFileType = folder.assetcatalog; path = Assets.xcassets; sourceTree = "<group>"; };
		2C0E08651D085E660041E3DC /* Base */ = {isa = PBXFileReference; lastKnownFileType = file.storyboard; name = Base; path = Base.lproj/LaunchScreen.storyboard; sourceTree = "<group>"; };
		2C0E08671D085E660041E3DC /* Info.plist */ = {isa = PBXFileReference; lastKnownFileType = text.plist.xml; path = Info.plist; sourceTree = "<group>"; };
		2C0E086D1D0A5BAE0041E3DC /* RegisterViewController.swift */ = {isa = PBXFileReference; fileEncoding = 4; lastKnownFileType = sourcecode.swift; path = RegisterViewController.swift; sourceTree = "<group>"; };
		2C0E086F1D0A5BBD0041E3DC /* MainViewController.swift */ = {isa = PBXFileReference; fileEncoding = 4; lastKnownFileType = sourcecode.swift; path = MainViewController.swift; sourceTree = "<group>"; };
/* End PBXFileReference section */

/* Begin PBXFrameworksBuildPhase section */
		2C0E08551D085E660041E3DC /* Frameworks */ = {
			isa = PBXFrameworksBuildPhase;
			buildActionMask = 2147483647;
			files = (
			);
			runOnlyForDeploymentPostprocessing = 0;
		};
/* End PBXFrameworksBuildPhase section */

/* Begin PBXGroup section */
		2C0E084F1D085E660041E3DC = {
			isa = PBXGroup;
			children = (
				2C0E085A1D085E660041E3DC /* Interface_DrAzhra */,
				2C0E08591D085E660041E3DC /* Products */,
			);
			sourceTree = "<group>";
		};
		2C0E08591D085E660041E3DC /* Products */ = {
			isa = PBXGroup;
			children = (
				2C0E08581D085E660041E3DC /* Interface_DrAzhra.app */,
			);
			name = Products;
			sourceTree = "<group>";
		};
		2C0E085A1D085E660041E3DC /* Interface_DrAzhra */ = {
			isa = PBXGroup;
			children = (
				2CD36CDC1D10D45B002A2804 /* view controllers */,
				2C0E085B1D085E660041E3DC /* AppDelegate.swift */,
				2C0E085F1D085E660041E3DC /* Main.storyboard */,
				2C0E08621D085E660041E3DC /* Assets.xcassets */,
				2C0E08641D085E660041E3DC /* LaunchScreen.storyboard */,
				2C0E08671D085E660041E3DC /* Info.plist */,
			);
			path = Interface_DrAzhra;
			sourceTree = "<group>";
		};
		2CD36CDC1D10D45B002A2804 /* view controllers */ = {
			isa = PBXGroup;
			children = (
				2C0E085D1D085E660041E3DC /* LoginViewController.swift */,
				2C0E086D1D0A5BAE0041E3DC /* RegisterViewController.swift */,
				2C0E086F1D0A5BBD0041E3DC /* MainViewController.swift */,
			);
			name = "view controllers";
			sourceTree = "<group>";
		};
/* End PBXGroup section */

/* Begin PBXNativeTarget section */
		2C0E08571D085E660041E3DC /* Interface_DrAzhra */ = {
			isa = PBXNativeTarget;
			buildConfigurationList = 2C0E086A1D085E660041E3DC /* Build configuration list for PBXNativeTarget "Interface_DrAzhra" */;
			buildPhases = (
				2C0E08541D085E660041E3DC /* Sources */,
				2C0E08551D085E660041E3DC /* Frameworks */,
				2C0E08561D085E660041E3DC /* Resources */,
			);
			buildRules = (
			);
			dependencies = (
			);
			name = Interface_DrAzhra;
			productName = Interface_DrAzhra;
			productReference = 2C0E08581D085E660041E3DC /* Interface_DrAzhra.app */;
			productType = "com.apple.product-type.application";
		};
/* End PBXNativeTarget section */

/* Begin PBXProject section */
		2C0E08501D085E660041E3DC /* Project object */ = {
			isa = PBXProject;
			attributes = {
				LastSwiftUpdateCheck = 0730;
				LastUpgradeCheck = 0730;
				ORGANIZATIONNAME = "Bishal Gautam";
				TargetAttributes = {
					2C0E08571D085E660041E3DC = {
						CreatedOnToolsVersion = 7.3.1;
						DevelopmentTeam = 33UDTKE5FC;
					};
				};
			};
			buildConfigurationList = 2C0E08531D085E660041E3DC /* Build configuration list for PBXProject "Interface_DrAzhra" */;
			compatibilityVersion = "Xcode 3.2";
			developmentRegion = English;
			hasScannedForEncodings = 0;
			knownRegions = (
				en,
				Base,
			);
			mainGroup = 2C0E084F1D085E660041E3DC;
			productRefGroup = 2C0E08591D085E660041E3DC /* Products */;
			projectDirPath = "";
			projectRoot = "";
			targets = (
				2C0E08571D085E660041E3DC /* Interface_DrAzhra */,
			);
		};
/* End PBXProject section */

/* Begin PBXResourcesBuildPhase section */
		2C0E08561D085E660041E3DC /* Resources */ = {
			isa = PBXResourcesBuildPhase;
			buildActionMask = 2147483647;
			files = (
				2C0E08661D085E660041E3DC /* LaunchScreen.storyboard in Resources */,
				2C0E08631D085E660041E3DC /* Assets.xcassets in Resources */,
				2C0E08611D085E660041E3DC /* Main.storyboard in Resources */,
			);
			runOnlyForDeploymentPostprocessing = 0;
		};
/* End PBXResourcesBuildPhase section */

/* Begin PBXSourcesBuildPhase section */
		2C0E08541D085E660041E3DC /* Sources */ = {
			isa = PBXSourcesBuildPhase;
			buildActionMask = 2147483647;
			files = (
				2C0E086E1D0A5BAE0041E3DC /* RegisterViewController.swift in Sources */,
				2C0E085E1D085E660041E3DC /* LoginViewController.swift in Sources */,
				2C0E085C1D085E660041E3DC /* AppDelegate.swift in Sources */,
				2C0E08701D0A5BBD0041E3DC /* MainViewController.swift in Sources */,
			);
			runOnlyForDeploymentPostprocessing = 0;
		};
/* End PBXSourcesBuildPhase section */

/* Begin PBXVariantGroup section */
		2C0E085F1D085E660041E3DC /* Main.storyboard */ = {
			isa = PBXVariantGroup;
			children = (
				2C0E08601D085E660041E3DC /* Base */,
			);
			name = Main.storyboard;
			sourceTree = "<group>";
		};
		2C0E08641D085E660041E3DC /* LaunchScreen.storyboard */ = {
			isa = PBXVariantGroup;
			children = (
				2C0E08651D085E660041E3DC /* Base */,
			);
			name = LaunchScreen.storyboard;
			sourceTree = "<group>";
		};
/* End PBXVariantGroup section */

/* Begin XCBuildConfiguration section */
		2C0E08681D085E660041E3DC /* Debug */ = {
			isa = XCBuildConfiguration;
			buildSettings = {
				ALWAYS_SEARCH_USER_PATHS = NO;
				CLANG_ANALYZER_NONNULL = YES;
				CLANG_CXX_LANGUAGE_STANDARD = "gnu++0x";
				CLANG_CXX_LIBRARY = "libc++";
				CLANG_ENABLE_MODULES = YES;
				CLANG_ENABLE_OBJC_ARC = YES;
				CLANG_WARN_BOOL_CONVERSION = YES;
				CLANG_WARN_CONSTANT_CONVERSION = YES;
				CLANG_WARN_DIRECT_OBJC_ISA_USAGE = YES_ERROR;
				CLANG_WARN_EMPTY_BODY = YES;
				CLANG_WARN_ENUM_CONVERSION = YES;
				CLANG_WARN_INT_CONVERSION = YES;
				CLANG_WARN_OBJC_ROOT_CLASS = YES_ERROR;
				CLANG_WARN_UNREACHABLE_CODE = YES;
				CLANG_WARN__DUPLICATE_METHOD_MATCH = YES;
				"CODE_SIGN_IDENTITY[sdk=iphoneos*]" = "iPhone Developer";
				COPY_PHASE_STRIP = NO;
				DEBUG_INFORMATION_FORMAT = dwarf;
				ENABLE_STRICT_OBJC_MSGSEND = YES;
				ENABLE_TESTABILITY = YES;
				GCC_C_LANGUAGE_STANDARD = gnu99;
				GCC_DYNAMIC_NO_PIC = NO;
				GCC_NO_COMMON_BLOCKS = YES;
				GCC_OPTIMIZATION_LEVEL = 0;
				GCC_PREPROCESSOR_DEFINITIONS = (
					"DEBUG=1",
					"$(inherited)",
				);
				GCC_WARN_64_TO_32_BIT_CONVERSION = YES;
				GCC_WARN_ABOUT_RETURN_TYPE = YES_ERROR;
				GCC_WARN_UNDECLARED_SELECTOR = YES;
				GCC_WARN_UNINITIALIZED_AUTOS = YES_AGGRESSIVE;
				GCC_WARN_UNUSED_FUNCTION = YES;
				GCC_WARN_UNUSED_VARIABLE = YES;
				IPHONEOS_DEPLOYMENT_TARGET = 9.3;
				MTL_ENABLE_DEBUG_INFO = YES;
				ONLY_ACTIVE_ARCH = YES;
				SDKROOT = iphoneos;
				SWIFT_OPTIMIZATION_LEVEL = "-Onone";
				TARGETED_DEVICE_FAMILY = "1,2";
			};
			name = Debug;
		};
		2C0E08691D085E660041E3DC /* Release */ = {
			isa = XCBuildConfiguration;
			buildSettings = {
				ALWAYS_SEARCH_USER_PATHS = NO;
				CLANG_ANALYZER_NONNULL = YES;
				CLANG_CXX_LANGUAGE_STANDARD = "gnu++0x";
				CLANG_CXX_LIBRARY = "libc++";
				CLANG_ENABLE_MODULES = YES;
				CLANG_ENABLE_OBJC_ARC = YES;
				CLANG_WARN_BOOL_CONVERSION = YES;
				CLANG_WARN_CONSTANT_CONVERSION = YES;
				CLANG_WARN_DIRECT_OBJC_ISA_USAGE = YES_ERROR;
				CLANG_WARN_EMPTY_BODY = YES;
				CLANG_WARN_ENUM_CONVERSION = YES;
				CLANG_WARN_INT_CONVERSION = YES;
				CLANG_WARN_OBJC_ROOT_CLASS = YES_ERROR;
				CLANG_WARN_UNREACHABLE_CODE = YES;
				CLANG_WARN__DUPLICATE_METHOD_MATCH = YES;
				"CODE_SIGN_IDENTITY[sdk=iphoneos*]" = "iPhone Developer";
				COPY_PHASE_STRIP = NO;
				DEBUG_INFORMATION_FORMAT = "dwarf-with-dsym";
				ENABLE_NS_ASSERTIONS = NO;
				ENABLE_STRICT_OBJC_MSGSEND = YES;
				GCC_C_LANGUAGE_STANDARD = gnu99;
				GCC_NO_COMMON_BLOCKS = YES;
				GCC_WARN_64_TO_32_BIT_CONVERSION = YES;
				GCC_WARN_ABOUT_RETURN_TYPE = YES_ERROR;
				GCC_WARN_UNDECLARED_SELECTOR = YES;
				GCC_WARN_UNINITIALIZED_AUTOS = YES_AGGRESSIVE;
				GCC_WARN_UNUSED_FUNCTION = YES;
				GCC_WARN_UNUSED_VARIABLE = YES;
				IPHONEOS_DEPLOYMENT_TARGET = 9.3;
				MTL_ENABLE_DEBUG_INFO = NO;
				SDKROOT = iphoneos;
				TARGETED_DEVICE_FAMILY = "1,2";
				VALIDATE_PRODUCT = YES;
			};
			name = Release;
		};
		2C0E086B1D085E660041E3DC /* Debug */ = {
			isa = XCBuildConfiguration;
			buildSettings = {
				ASSETCATALOG_COMPILER_APPICON_NAME = AppIcon;
				INFOPLIST_FILE = Interface_DrAzhra/Info.plist;
				LD_RUNPATH_SEARCH_PATHS = "$(inherited) @executable_path/Frameworks";
				PRODUCT_BUNDLE_IDENTIFIER = "SSSL.Interface-DrAzhra";
				PRODUCT_NAME = "$(TARGET_NAME)";
			};
			name = Debug;
		};
		2C0E086C1D085E660041E3DC /* Release */ = {
			isa = XCBuildConfiguration;
			buildSettings = {
				ASSETCATALOG_COMPILER_APPICON_NAME = AppIcon;
				INFOPLIST_FILE = Interface_DrAzhra/Info.plist;
				LD_RUNPATH_SEARCH_PATHS = "$(inherited) @executable_path/Frameworks";
				PRODUCT_BUNDLE_IDENTIFIER = "SSSL.Interface-DrAzhra";
				PRODUCT_NAME = "$(TARGET_NAME)";
			};
			name = Release;
		};
/* End XCBuildConfiguration section */

/* Begin XCConfigurationList section */
		2C0E08531D085E660041E3DC /* Build configuration list for PBXProject "Interface_DrAzhra" */ = {
			isa = XCConfigurationList;
			buildConfigurations = (
				2C0E08681D085E660041E3DC /* Debug */,
				2C0E08691D085E660041E3DC /* Release */,
			);
			defaultConfigurationIsVisible = 0;
			defaultConfigurationName = Release;
		};
		2C0E086A1D085E660041E3DC /* Build configuration list for PBXNativeTarget "Interface_DrAzhra" */ = {
			isa = XCConfigurationList;
			buildConfigurations = (
				2C0E086B1D085E660041E3DC /* Debug */,
				2C0E086C1D085E660041E3DC /* Release */,
			);
			defaultConfigurationIsVisible = 0;
			defaultConfigurationName = Release;
		};
/* End XCConfigurationList section */
	};
	rootObject = 2C0E08501D085E660041E3DC /* Project object */;
}
